
Microsoft Visual Studio Solution File, Format Version 12.00
# Visual Studio 15
VisualStudioVersion = 15.0.28307.645
MinimumVisualStudioVersion = 10.0.40219.1
Project("{FAE04EC0-301F-11D3-BF4B-00C04F79EFBC}") = "Hungry Snake", "Hungry Snake\Hungry Snake.csproj", "{A926C917-48F9-4125-A133-28CE1DF6155F}"
EndProject
Global
	GlobalSection(SolutionConfigurationPlatforms) = preSolution
		Debug|Any CPU = Debug|Any CPU
		Release|Any CPU = Release|Any CPU
	EndGlobalSection
	GlobalSection(ProjectConfigurationPlatforms) = postSolution
		{A926C917-48F9-4125-A133-28CE1DF6155F}.Debug|Any CPU.ActiveCfg = Debug|Any CPU
		{A926C917-48F9-4125-A133-28CE1DF6155F}.Debug|Any CPU.Build.0 = Debug|Any CPU
		{A926C917-48F9-4125-A133-28CE1DF6155F}.Release|Any CPU.ActiveCfg = Release|Any CPU
		{A926C917-48F9-4125-A133-28CE1DF6155F}.Release|Any CPU.Build.0 = Release|Any CPU
	EndGlobalSection
	GlobalSection(SolutionProperties) = preSolution
		HideSolutionNode = FALSE
	EndGlobalSection
	GlobalSection(ExtensibilityGlobals) = postSolution
		SolutionGuid = {B0713ED6-1E9F-48A6-B819-A08A983A78A0}
	EndGlobalSection
EndGlobal
